
Microsoft Visual Studio Solution File, Format Version 12.00
# Visual Studio 2012
Project("{FAE04EC0-301F-11D3-BF4B-00C04F79EFBC}") = "QueueApplication", "QueueApplication\QueueApplication.csproj", "{BF2D1EA6-AB64-4100-8C65-A26E2B6BEBB7}"
EndProject
Global
	GlobalSection(SolutionConfigurationPlatforms) = preSolution
		Debug|Any CPU = Debug|Any CPU
		Release|Any CPU = Release|Any CPU
	EndGlobalSection
	GlobalSection(ProjectConfigurationPlatforms) = postSolution
		{BF2D1EA6-AB64-4100-8C65-A26E2B6BEBB7}.Debug|Any CPU.ActiveCfg = Debug|Any CPU
		{BF2D1EA6-AB64-4100-8C65-A26E2B6BEBB7}.Debug|Any CPU.Build.0 = Debug|Any CPU
		{BF2D1EA6-AB64-4100-8C65-A26E2B6BEBB7}.Release|Any CPU.ActiveCfg = Release|Any CPU
		{BF2D1EA6-AB64-4100-8C65-A26E2B6BEBB7}.Release|Any CPU.Build.0 = Release|Any CPU
	EndGlobalSection
	GlobalSection(SolutionProperties) = preSolution
		HideSolutionNode = FALSE
	EndGlobalSection
EndGlobal
