
Microsoft Visual Studio Solution File, Format Version 12.00
# Visual Studio 2012
Project("{8BC9CEB8-8B4A-11D0-8D11-00A0C91BC942}") = "ConsoleApplication3", "ConsoleApplication3\ConsoleApplication3.vcxproj", "{D1EC3CF6-2051-476E-B416-F30BA0BF5EDA}"
EndProject
Global
	GlobalSection(SolutionConfigurationPlatforms) = preSolution
		Debug|Win32 = Debug|Win32
		Release|Win32 = Release|Win32
	EndGlobalSection
	GlobalSection(ProjectConfigurationPlatforms) = postSolution
		{D1EC3CF6-2051-476E-B416-F30BA0BF5EDA}.Debug|Win32.ActiveCfg = Debug|Win32
		{D1EC3CF6-2051-476E-B416-F30BA0BF5EDA}.Debug|Win32.Build.0 = Debug|Win32
		{D1EC3CF6-2051-476E-B416-F30BA0BF5EDA}.Release|Win32.ActiveCfg = Release|Win32
		{D1EC3CF6-2051-476E-B416-F30BA0BF5EDA}.Release|Win32.Build.0 = Release|Win32
	EndGlobalSection
	GlobalSection(SolutionProperties) = preSolution
		HideSolutionNode = FALSE
	EndGlobalSection
EndGlobal
