
Microsoft Visual Studio Solution File, Format Version 12.00
# Visual Studio 2012
Project("{FAE04EC0-301F-11D3-BF4B-00C04F79EFBC}") = "Popylations", "Popylations\Popylations.csproj", "{3DAF5BD9-F12B-4D02-A783-2E2EE30CE301}"
EndProject
Global
	GlobalSection(SolutionConfigurationPlatforms) = preSolution
		Debug|Any CPU = Debug|Any CPU
		Release|Any CPU = Release|Any CPU
	EndGlobalSection
	GlobalSection(ProjectConfigurationPlatforms) = postSolution
		{3DAF5BD9-F12B-4D02-A783-2E2EE30CE301}.Debug|Any CPU.ActiveCfg = Debug|Any CPU
		{3DAF5BD9-F12B-4D02-A783-2E2EE30CE301}.Debug|Any CPU.Build.0 = Debug|Any CPU
		{3DAF5BD9-F12B-4D02-A783-2E2EE30CE301}.Release|Any CPU.ActiveCfg = Release|Any CPU
		{3DAF5BD9-F12B-4D02-A783-2E2EE30CE301}.Release|Any CPU.Build.0 = Release|Any CPU
	EndGlobalSection
	GlobalSection(SolutionProperties) = preSolution
		HideSolutionNode = FALSE
	EndGlobalSection
EndGlobal
