
Microsoft Visual Studio Solution File, Format Version 12.00
# Visual Studio Express 2012 for Windows Desktop
Project("{FAE04EC0-301F-11D3-BF4B-00C04F79EFBC}") = "Cinema", "Cinema\Cinema.csproj", "{10200165-7D61-402D-8EA3-B9E05359E948}"
EndProject
Global
	GlobalSection(SolutionConfigurationPlatforms) = preSolution
		Debug|Any CPU = Debug|Any CPU
		Release|Any CPU = Release|Any CPU
	EndGlobalSection
	GlobalSection(ProjectConfigurationPlatforms) = postSolution
		{10200165-7D61-402D-8EA3-B9E05359E948}.Debug|Any CPU.ActiveCfg = Debug|Any CPU
		{10200165-7D61-402D-8EA3-B9E05359E948}.Debug|Any CPU.Build.0 = Debug|Any CPU
		{10200165-7D61-402D-8EA3-B9E05359E948}.Release|Any CPU.ActiveCfg = Release|Any CPU
		{10200165-7D61-402D-8EA3-B9E05359E948}.Release|Any CPU.Build.0 = Release|Any CPU
	EndGlobalSection
	GlobalSection(SolutionProperties) = preSolution
		HideSolutionNode = FALSE
	EndGlobalSection
EndGlobal
